// !$*UTF8*$!
{
	archiveVersion = 1;
	classes = {
	};
	objectVersion = 56;
	objects = {

/* Begin PBXBuildFile section */
		147256C72BE9672E00197DC4 /* LLMTestLocalApp.swift in Sources */ = {isa = PBXBuildFile; fileRef = 147256C62BE9672E00197DC4 /* LLMTestLocalApp.swift */; };
		147256C92BE9672E00197DC4 /* ContentView.swift in Sources */ = {isa = PBXBuildFile; fileRef = 147256C82BE9672E00197DC4 /* ContentView.swift */; };
		147256CB2BE9673000197DC4 /* Assets.xcassets in Resources */ = {isa = PBXBuildFile; fileRef = 147256CA2BE9673000197DC4 /* Assets.xcassets */; };
		147256CE2BE9673000197DC4 /* Preview Assets.xcassets in Resources */ = {isa = PBXBuildFile; fileRef = 147256CD2BE9673000197DC4 /* Preview Assets.xcassets */; };
		147256D82BE9673000197DC4 /* LLMTestLocalTests.swift in Sources */ = {isa = PBXBuildFile; fileRef = 147256D72BE9673000197DC4 /* LLMTestLocalTests.swift */; };
		147256E22BE9673000197DC4 /* LLMTestLocalUITests.swift in Sources */ = {isa = PBXBuildFile; fileRef = 147256E12BE9673000197DC4 /* LLMTestLocalUITests.swift */; };
		147256E42BE9673000197DC4 /* LLMTestLocalUITestsLaunchTests.swift in Sources */ = {isa = PBXBuildFile; fileRef = 147256E32BE9673000197DC4 /* LLMTestLocalUITestsLaunchTests.swift */; };
		147256F22BE9677E00197DC4 /* LLM in Frameworks */ = {isa = PBXBuildFile; productRef = 147256F12BE9677E00197DC4 /* LLM */; };
		147256FE2BE9696900197DC4 /* Preview Assets.xcassets in Resources */ = {isa = PBXBuildFile; fileRef = 147256F72BE9696900197DC4 /* Preview Assets.xcassets */; };
		147256FF2BE9696900197DC4 /* Assets.xcassets in Resources */ = {isa = PBXBuildFile; fileRef = 147256F92BE9696900197DC4 /* Assets.xcassets */; };
		147257002BE9696900197DC4 /* ContentView.swift in Sources */ = {isa = PBXBuildFile; fileRef = 147256FA2BE9696900197DC4 /* ContentView.swift */; };
		147257012BE9696900197DC4 /* LLMTestLocalApp.swift in Sources */ = {isa = PBXBuildFile; fileRef = 147256FB2BE9696900197DC4 /* LLMTestLocalApp.swift */; };
		147257062BE9721700197DC4 /* tinyllama-1.1b-chat-v1.0.Q2_K.gguf in Resources */ = {isa = PBXBuildFile; fileRef = 147257052BE9721700197DC4 /* tinyllama-1.1b-chat-v1.0.Q2_K.gguf */; };
		147257082BE9A14A00197DC4 /* Phi-3-mini-4k-instruct-q4.gguf in Resources */ = {isa = PBXBuildFile; fileRef = 147257072BE9A14A00197DC4 /* Phi-3-mini-4k-instruct-q4.gguf */; };
		C0EB919A2BEBDDC4005956F9 /* Meta-Llama-3-8B-Instruct.Q2_K.gguf in Resources */ = {isa = PBXBuildFile; fileRef = C0EB91992BEBDDC4005956F9 /* Meta-Llama-3-8B-Instruct.Q2_K.gguf */; };
/* End PBXBuildFile section */

/* Begin PBXContainerItemProxy section */
		147256D42BE9673000197DC4 /* PBXContainerItemProxy */ = {
			isa = PBXContainerItemProxy;
			containerPortal = 147256BB2BE9672E00197DC4 /* Project object */;
			proxyType = 1;
			remoteGlobalIDString = 147256C22BE9672E00197DC4;
			remoteInfo = LLMTestLocal;
		};
		147256DE2BE9673000197DC4 /* PBXContainerItemProxy */ = {
			isa = PBXContainerItemProxy;
			containerPortal = 147256BB2BE9672E00197DC4 /* Project object */;
			proxyType = 1;
			remoteGlobalIDString = 147256C22BE9672E00197DC4;
			remoteInfo = LLMTestLocal;
		};
/* End PBXContainerItemProxy section */

/* Begin PBXFileReference section */
		147256C32BE9672E00197DC4 /* LLMTestLocal.app */ = {isa = PBXFileReference; explicitFileType = wrapper.application; includeInIndex = 0; path = LLMTestLocal.app; sourceTree = BUILT_PRODUCTS_DIR; };
		147256C62BE9672E00197DC4 /* LLMTestLocalApp.swift */ = {isa = PBXFileReference; lastKnownFileType = sourcecode.swift; path = LLMTestLocalApp.swift; sourceTree = "<group>"; };
		147256C82BE9672E00197DC4 /* ContentView.swift */ = {isa = PBXFileReference; lastKnownFileType = sourcecode.swift; path = ContentView.swift; sourceTree = "<group>"; };
		147256CA2BE9673000197DC4 /* Assets.xcassets */ = {isa = PBXFileReference; lastKnownFileType = folder.assetcatalog; path = Assets.xcassets; sourceTree = "<group>"; };
		147256CD2BE9673000197DC4 /* Preview Assets.xcassets */ = {isa = PBXFileReference; lastKnownFileType = folder.assetcatalog; path = "Preview Assets.xcassets"; sourceTree = "<group>"; };
		147256D32BE9673000197DC4 /* LLMTestLocalTests.xctest */ = {isa = PBXFileReference; explicitFileType = wrapper.cfbundle; includeInIndex = 0; path = LLMTestLocalTests.xctest; sourceTree = BUILT_PRODUCTS_DIR; };
		147256D72BE9673000197DC4 /* LLMTestLocalTests.swift */ = {isa = PBXFileReference; lastKnownFileType = sourcecode.swift; path = LLMTestLocalTests.swift; sourceTree = "<group>"; };
		147256DD2BE9673000197DC4 /* LLMTestLocalUITests.xctest */ = {isa = PBXFileReference; explicitFileType = wrapper.cfbundle; includeInIndex = 0; path = LLMTestLocalUITests.xctest; sourceTree = BUILT_PRODUCTS_DIR; };
		147256E12BE9673000197DC4 /* LLMTestLocalUITests.swift */ = {isa = PBXFileReference; lastKnownFileType = sourcecode.swift; path = LLMTestLocalUITests.swift; sourceTree = "<group>"; };
		147256E32BE9673000197DC4 /* LLMTestLocalUITestsLaunchTests.swift */ = {isa = PBXFileReference; lastKnownFileType = sourcecode.swift; path = LLMTestLocalUITestsLaunchTests.swift; sourceTree = "<group>"; };
		147256F72BE9696900197DC4 /* Preview Assets.xcassets */ = {isa = PBXFileReference; lastKnownFileType = folder.assetcatalog; path = "Preview Assets.xcassets"; sourceTree = "<group>"; };
		147256F92BE9696900197DC4 /* Assets.xcassets */ = {isa = PBXFileReference; lastKnownFileType = folder.assetcatalog; path = Assets.xcassets; sourceTree = "<group>"; };
		147256FA2BE9696900197DC4 /* ContentView.swift */ = {isa = PBXFileReference; fileEncoding = 4; lastKnownFileType = sourcecode.swift; path = ContentView.swift; sourceTree = "<group>"; };
		147256FB2BE9696900197DC4 /* LLMTestLocalApp.swift */ = {isa = PBXFileReference; fileEncoding = 4; lastKnownFileType = sourcecode.swift; path = LLMTestLocalApp.swift; sourceTree = "<group>"; };
		147257052BE9721700197DC4 /* tinyllama-1.1b-chat-v1.0.Q2_K.gguf */ = {isa = PBXFileReference; lastKnownFileType = file; path = "tinyllama-1.1b-chat-v1.0.Q2_K.gguf"; sourceTree = "<group>"; };
		147257072BE9A14A00197DC4 /* Phi-3-mini-4k-instruct-q4.gguf */ = {isa = PBXFileReference; lastKnownFileType = file; path = "Phi-3-mini-4k-instruct-q4.gguf"; sourceTree = "<group>"; };
		C0EB91992BEBDDC4005956F9 /* Meta-Llama-3-8B-Instruct.Q2_K.gguf */ = {isa = PBXFileReference; lastKnownFileType = file; path = "Meta-Llama-3-8B-Instruct.Q2_K.gguf"; sourceTree = "<group>"; };
/* End PBXFileReference section */

/* Begin PBXFrameworksBuildPhase section */
		147256C02BE9672E00197DC4 /* Frameworks */ = {
			isa = PBXFrameworksBuildPhase;
			buildActionMask = 2147483647;
			files = (
				147256F22BE9677E00197DC4 /* LLM in Frameworks */,
			);
			runOnlyForDeploymentPostprocessing = 0;
		};
		147256D02BE9673000197DC4 /* Frameworks */ = {
			isa = PBXFrameworksBuildPhase;
			buildActionMask = 2147483647;
			files = (
			);
			runOnlyForDeploymentPostprocessing = 0;
		};
		147256DA2BE9673000197DC4 /* Frameworks */ = {
			isa = PBXFrameworksBuildPhase;
			buildActionMask = 2147483647;
			files = (
			);
			runOnlyForDeploymentPostprocessing = 0;
		};
/* End PBXFrameworksBuildPhase section */

/* Begin PBXGroup section */
		147256BA2BE9672E00197DC4 = {
			isa = PBXGroup;
			children = (
				147256C52BE9672E00197DC4 /* LLMTestLocal */,
				147256D62BE9673000197DC4 /* LLMTestLocalTests */,
				147256E02BE9673000197DC4 /* LLMTestLocalUITests */,
				147256C42BE9672E00197DC4 /* Products */,
			);
			sourceTree = "<group>";
		};
		147256C42BE9672E00197DC4 /* Products */ = {
			isa = PBXGroup;
			children = (
				147256C32BE9672E00197DC4 /* LLMTestLocal.app */,
				147256D32BE9673000197DC4 /* LLMTestLocalTests.xctest */,
				147256DD2BE9673000197DC4 /* LLMTestLocalUITests.xctest */,
			);
			name = Products;
			sourceTree = "<group>";
		};
		147256C52BE9672E00197DC4 /* LLMTestLocal */ = {
			isa = PBXGroup;
			children = (
				147256FD2BE9696900197DC4 /* LLMTestLocal */,
				147256C62BE9672E00197DC4 /* LLMTestLocalApp.swift */,
				147256C82BE9672E00197DC4 /* ContentView.swift */,
				147256CA2BE9673000197DC4 /* Assets.xcassets */,
				147256CC2BE9673000197DC4 /* Preview Content */,
			);
			path = LLMTestLocal;
			sourceTree = "<group>";
		};
		147256CC2BE9673000197DC4 /* Preview Content */ = {
			isa = PBXGroup;
			children = (
				147256CD2BE9673000197DC4 /* Preview Assets.xcassets */,
			);
			path = "Preview Content";
			sourceTree = "<group>";
		};
		147256D62BE9673000197DC4 /* LLMTestLocalTests */ = {
			isa = PBXGroup;
			children = (
				147256D72BE9673000197DC4 /* LLMTestLocalTests.swift */,
			);
			path = LLMTestLocalTests;
			sourceTree = "<group>";
		};
		147256E02BE9673000197DC4 /* LLMTestLocalUITests */ = {
			isa = PBXGroup;
			children = (
				147256E12BE9673000197DC4 /* LLMTestLocalUITests.swift */,
				147256E32BE9673000197DC4 /* LLMTestLocalUITestsLaunchTests.swift */,
			);
			path = LLMTestLocalUITests;
			sourceTree = "<group>";
		};
		147256F82BE9696900197DC4 /* Preview Content */ = {
			isa = PBXGroup;
			children = (
				147256F72BE9696900197DC4 /* Preview Assets.xcassets */,
			);
			path = "Preview Content";
			sourceTree = "<group>";
		};
		147256FD2BE9696900197DC4 /* LLMTestLocal */ = {
			isa = PBXGroup;
			children = (
				147256F82BE9696900197DC4 /* Preview Content */,
				147256F92BE9696900197DC4 /* Assets.xcassets */,
				147256FA2BE9696900197DC4 /* ContentView.swift */,
				147256FB2BE9696900197DC4 /* LLMTestLocalApp.swift */,
				147257052BE9721700197DC4 /* tinyllama-1.1b-chat-v1.0.Q2_K.gguf */,
				C0EB91992BEBDDC4005956F9 /* Meta-Llama-3-8B-Instruct.Q2_K.gguf */,
				147257072BE9A14A00197DC4 /* Phi-3-mini-4k-instruct-q4.gguf */,
			);
			name = LLMTestLocal;
			sourceTree = "<group>";
		};
/* End PBXGroup section */

/* Begin PBXNativeTarget section */
		147256C22BE9672E00197DC4 /* LLMTestLocal */ = {
			isa = PBXNativeTarget;
			buildConfigurationList = 147256E72BE9673000197DC4 /* Build configuration list for PBXNativeTarget "LLMTestLocal" */;
			buildPhases = (
				147256BF2BE9672E00197DC4 /* Sources */,
				147256C02BE9672E00197DC4 /* Frameworks */,
				147256C12BE9672E00197DC4 /* Resources */,
			);
			buildRules = (
			);
			dependencies = (
			);
			name = LLMTestLocal;
			packageProductDependencies = (
				147256F12BE9677E00197DC4 /* LLM */,
			);
			productName = LLMTestLocal;
			productReference = 147256C32BE9672E00197DC4 /* LLMTestLocal.app */;
			productType = "com.apple.product-type.application";
		};
		147256D22BE9673000197DC4 /* LLMTestLocalTests */ = {
			isa = PBXNativeTarget;
			buildConfigurationList = 147256EA2BE9673000197DC4 /* Build configuration list for PBXNativeTarget "LLMTestLocalTests" */;
			buildPhases = (
				147256CF2BE9673000197DC4 /* Sources */,
				147256D02BE9673000197DC4 /* Frameworks */,
				147256D12BE9673000197DC4 /* Resources */,
			);
			buildRules = (
			);
			dependencies = (
				147256D52BE9673000197DC4 /* PBXTargetDependency */,
			);
			name = LLMTestLocalTests;
			productName = LLMTestLocalTests;
			productReference = 147256D32BE9673000197DC4 /* LLMTestLocalTests.xctest */;
			productType = "com.apple.product-type.bundle.unit-test";
		};
		147256DC2BE9673000197DC4 /* LLMTestLocalUITests */ = {
			isa = PBXNativeTarget;
			buildConfigurationList = 147256ED2BE9673000197DC4 /* Build configuration list for PBXNativeTarget "LLMTestLocalUITests" */;
			buildPhases = (
				147256D92BE9673000197DC4 /* Sources */,
				147256DA2BE9673000197DC4 /* Frameworks */,
				147256DB2BE9673000197DC4 /* Resources */,
			);
			buildRules = (
			);
			dependencies = (
				147256DF2BE9673000197DC4 /* PBXTargetDependency */,
			);
			name = LLMTestLocalUITests;
			productName = LLMTestLocalUITests;
			productReference = 147256DD2BE9673000197DC4 /* LLMTestLocalUITests.xctest */;
			productType = "com.apple.product-type.bundle.ui-testing";
		};
/* End PBXNativeTarget section */

/* Begin PBXProject section */
		147256BB2BE9672E00197DC4 /* Project object */ = {
			isa = PBXProject;
			attributes = {
				BuildIndependentTargetsInParallel = 1;
				LastSwiftUpdateCheck = 1530;
				LastUpgradeCheck = 1530;
				TargetAttributes = {
					147256C22BE9672E00197DC4 = {
						CreatedOnToolsVersion = 15.3;
					};
					147256D22BE9673000197DC4 = {
						CreatedOnToolsVersion = 15.3;
						TestTargetID = 147256C22BE9672E00197DC4;
					};
					147256DC2BE9673000197DC4 = {
						CreatedOnToolsVersion = 15.3;
						TestTargetID = 147256C22BE9672E00197DC4;
					};
				};
			};
			buildConfigurationList = 147256BE2BE9672E00197DC4 /* Build configuration list for PBXProject "LLMTestLocal" */;
			compatibilityVersion = "Xcode 14.0";
			developmentRegion = en;
			hasScannedForEncodings = 0;
			knownRegions = (
				en,
				Base,
			);
			mainGroup = 147256BA2BE9672E00197DC4;
			packageReferences = (
				147256F02BE9677E00197DC4 /* XCRemoteSwiftPackageReference "LLM" */,
			);
			productRefGroup = 147256C42BE9672E00197DC4 /* Products */;
			projectDirPath = "";
			projectRoot = "";
			targets = (
				147256C22BE9672E00197DC4 /* LLMTestLocal */,
				147256D22BE9673000197DC4 /* LLMTestLocalTests */,
				147256DC2BE9673000197DC4 /* LLMTestLocalUITests */,
			);
		};
/* End PBXProject section */

/* Begin PBXResourcesBuildPhase section */
		147256C12BE9672E00197DC4 /* Resources */ = {
			isa = PBXResourcesBuildPhase;
			buildActionMask = 2147483647;
			files = (
				147256CE2BE9673000197DC4 /* Preview Assets.xcassets in Resources */,
				147257082BE9A14A00197DC4 /* Phi-3-mini-4k-instruct-q4.gguf in Resources */,
				C0EB919A2BEBDDC4005956F9 /* Meta-Llama-3-8B-Instruct.Q2_K.gguf in Resources */,
				147256FE2BE9696900197DC4 /* Preview Assets.xcassets in Resources */,
				147256FF2BE9696900197DC4 /* Assets.xcassets in Resources */,
				147257062BE9721700197DC4 /* tinyllama-1.1b-chat-v1.0.Q2_K.gguf in Resources */,
				147256CB2BE9673000197DC4 /* Assets.xcassets in Resources */,
			);
			runOnlyForDeploymentPostprocessing = 0;
		};
		147256D12BE9673000197DC4 /* Resources */ = {
			isa = PBXResourcesBuildPhase;
			buildActionMask = 2147483647;
			files = (
			);
			runOnlyForDeploymentPostprocessing = 0;
		};
		147256DB2BE9673000197DC4 /* Resources */ = {
			isa = PBXResourcesBuildPhase;
			buildActionMask = 2147483647;
			files = (
			);
			runOnlyForDeploymentPostprocessing = 0;
		};
/* End PBXResourcesBuildPhase section */

/* Begin PBXSourcesBuildPhase section */
		147256BF2BE9672E00197DC4 /* Sources */ = {
			isa = PBXSourcesBuildPhase;
			buildActionMask = 2147483647;
			files = (
				147256C92BE9672E00197DC4 /* ContentView.swift in Sources */,
				147257012BE9696900197DC4 /* LLMTestLocalApp.swift in Sources */,
				147256C72BE9672E00197DC4 /* LLMTestLocalApp.swift in Sources */,
				147257002BE9696900197DC4 /* ContentView.swift in Sources */,
			);
			runOnlyForDeploymentPostprocessing = 0;
		};
		147256CF2BE9673000197DC4 /* Sources */ = {
			isa = PBXSourcesBuildPhase;
			buildActionMask = 2147483647;
			files = (
				147256D82BE9673000197DC4 /* LLMTestLocalTests.swift in Sources */,
			);
			runOnlyForDeploymentPostprocessing = 0;
		};
		147256D92BE9673000197DC4 /* Sources */ = {
			isa = PBXSourcesBuildPhase;
			buildActionMask = 2147483647;
			files = (
				147256E42BE9673000197DC4 /* LLMTestLocalUITestsLaunchTests.swift in Sources */,
				147256E22BE9673000197DC4 /* LLMTestLocalUITests.swift in Sources */,
			);
			runOnlyForDeploymentPostprocessing = 0;
		};
/* End PBXSourcesBuildPhase section */

/* Begin PBXTargetDependency section */
		147256D52BE9673000197DC4 /* PBXTargetDependency */ = {
			isa = PBXTargetDependency;
			target = 147256C22BE9672E00197DC4 /* LLMTestLocal */;
			targetProxy = 147256D42BE9673000197DC4 /* PBXContainerItemProxy */;
		};
		147256DF2BE9673000197DC4 /* PBXTargetDependency */ = {
			isa = PBXTargetDependency;
			target = 147256C22BE9672E00197DC4 /* LLMTestLocal */;
			targetProxy = 147256DE2BE9673000197DC4 /* PBXContainerItemProxy */;
		};
/* End PBXTargetDependency section */

/* Begin XCBuildConfiguration section */
		147256E52BE9673000197DC4 /* Debug */ = {
			isa = XCBuildConfiguration;
			buildSettings = {
				ALWAYS_SEARCH_USER_PATHS = NO;
				ASSETCATALOG_COMPILER_GENERATE_SWIFT_ASSET_SYMBOL_EXTENSIONS = YES;
				CLANG_ANALYZER_NONNULL = YES;
				CLANG_ANALYZER_NUMBER_OBJECT_CONVERSION = YES_AGGRESSIVE;
				CLANG_CXX_LANGUAGE_STANDARD = "gnu++20";
				CLANG_ENABLE_MODULES = YES;
				CLANG_ENABLE_OBJC_ARC = YES;
				CLANG_ENABLE_OBJC_WEAK = YES;
				CLANG_WARN_BLOCK_CAPTURE_AUTORELEASING = YES;
				CLANG_WARN_BOOL_CONVERSION = YES;
				CLANG_WARN_COMMA = YES;
				CLANG_WARN_CONSTANT_CONVERSION = YES;
				CLANG_WARN_DEPRECATED_OBJC_IMPLEMENTATIONS = YES;
				CLANG_WARN_DIRECT_OBJC_ISA_USAGE = YES_ERROR;
				CLANG_WARN_DOCUMENTATION_COMMENTS = YES;
				CLANG_WARN_EMPTY_BODY = YES;
				CLANG_WARN_ENUM_CONVERSION = YES;
				CLANG_WARN_INFINITE_RECURSION = YES;
				CLANG_WARN_INT_CONVERSION = YES;
				CLANG_WARN_NON_LITERAL_NULL_CONVERSION = YES;
				CLANG_WARN_OBJC_IMPLICIT_RETAIN_SELF = YES;
				CLANG_WARN_OBJC_LITERAL_CONVERSION = YES;
				CLANG_WARN_OBJC_ROOT_CLASS = YES_ERROR;
				CLANG_WARN_QUOTED_INCLUDE_IN_FRAMEWORK_HEADER = YES;
				CLANG_WARN_RANGE_LOOP_ANALYSIS = YES;
				CLANG_WARN_STRICT_PROTOTYPES = YES;
				CLANG_WARN_SUSPICIOUS_MOVE = YES;
				CLANG_WARN_UNGUARDED_AVAILABILITY = YES_AGGRESSIVE;
				CLANG_WARN_UNREACHABLE_CODE = YES;
				CLANG_WARN__DUPLICATE_METHOD_MATCH = YES;
				COPY_PHASE_STRIP = NO;
				DEBUG_INFORMATION_FORMAT = dwarf;
				ENABLE_STRICT_OBJC_MSGSEND = YES;
				ENABLE_TESTABILITY = YES;
				ENABLE_USER_SCRIPT_SANDBOXING = YES;
				GCC_C_LANGUAGE_STANDARD = gnu17;
				GCC_DYNAMIC_NO_PIC = NO;
				GCC_NO_COMMON_BLOCKS = YES;
				GCC_OPTIMIZATION_LEVEL = 0;
				GCC_PREPROCESSOR_DEFINITIONS = (
					"DEBUG=1",
					"$(inherited)",
				);
				GCC_WARN_64_TO_32_BIT_CONVERSION = YES;
				GCC_WARN_ABOUT_RETURN_TYPE = YES_ERROR;
				GCC_WARN_UNDECLARED_SELECTOR = YES;
				GCC_WARN_UNINITIALIZED_AUTOS = YES_AGGRESSIVE;
				GCC_WARN_UNUSED_FUNCTION = YES;
				GCC_WARN_UNUSED_VARIABLE = YES;
				IPHONEOS_DEPLOYMENT_TARGET = 17.4;
				LOCALIZATION_PREFERS_STRING_CATALOGS = YES;
				MTL_ENABLE_DEBUG_INFO = INCLUDE_SOURCE;
				MTL_FAST_MATH = YES;
				ONLY_ACTIVE_ARCH = YES;
				SDKROOT = iphoneos;
				SWIFT_ACTIVE_COMPILATION_CONDITIONS = "DEBUG $(inherited)";
				SWIFT_OPTIMIZATION_LEVEL = "-Onone";
			};
			name = Debug;
		};
		147256E62BE9673000197DC4 /* Release */ = {
			isa = XCBuildConfiguration;
			buildSettings = {
				ALWAYS_SEARCH_USER_PATHS = NO;
				ASSETCATALOG_COMPILER_GENERATE_SWIFT_ASSET_SYMBOL_EXTENSIONS = YES;
				CLANG_ANALYZER_NONNULL = YES;
				CLANG_ANALYZER_NUMBER_OBJECT_CONVERSION = YES_AGGRESSIVE;
				CLANG_CXX_LANGUAGE_STANDARD = "gnu++20";
				CLANG_ENABLE_MODULES = YES;
				CLANG_ENABLE_OBJC_ARC = YES;
				CLANG_ENABLE_OBJC_WEAK = YES;
				CLANG_WARN_BLOCK_CAPTURE_AUTORELEASING = YES;
				CLANG_WARN_BOOL_CONVERSION = YES;
				CLANG_WARN_COMMA = YES;
				CLANG_WARN_CONSTANT_CONVERSION = YES;
				CLANG_WARN_DEPRECATED_OBJC_IMPLEMENTATIONS = YES;
				CLANG_WARN_DIRECT_OBJC_ISA_USAGE = YES_ERROR;
				CLANG_WARN_DOCUMENTATION_COMMENTS = YES;
				CLANG_WARN_EMPTY_BODY = YES;
				CLANG_WARN_ENUM_CONVERSION = YES;
				CLANG_WARN_INFINITE_RECURSION = YES;
				CLANG_WARN_INT_CONVERSION = YES;
				CLANG_WARN_NON_LITERAL_NULL_CONVERSION = YES;
				CLANG_WARN_OBJC_IMPLICIT_RETAIN_SELF = YES;
				CLANG_WARN_OBJC_LITERAL_CONVERSION = YES;
				CLANG_WARN_OBJC_ROOT_CLASS = YES_ERROR;
				CLANG_WARN_QUOTED_INCLUDE_IN_FRAMEWORK_HEADER = YES;
				CLANG_WARN_RANGE_LOOP_ANALYSIS = YES;
				CLANG_WARN_STRICT_PROTOTYPES = YES;
				CLANG_WARN_SUSPICIOUS_MOVE = YES;
				CLANG_WARN_UNGUARDED_AVAILABILITY = YES_AGGRESSIVE;
				CLANG_WARN_UNREACHABLE_CODE = YES;
				CLANG_WARN__DUPLICATE_METHOD_MATCH = YES;
				COPY_PHASE_STRIP = NO;
				DEBUG_INFORMATION_FORMAT = "dwarf-with-dsym";
				ENABLE_NS_ASSERTIONS = NO;
				ENABLE_STRICT_OBJC_MSGSEND = YES;
				ENABLE_USER_SCRIPT_SANDBOXING = YES;
				GCC_C_LANGUAGE_STANDARD = gnu17;
				GCC_NO_COMMON_BLOCKS = YES;
				GCC_WARN_64_TO_32_BIT_CONVERSION = YES;
				GCC_WARN_ABOUT_RETURN_TYPE = YES_ERROR;
				GCC_WARN_UNDECLARED_SELECTOR = YES;
				GCC_WARN_UNINITIALIZED_AUTOS = YES_AGGRESSIVE;
				GCC_WARN_UNUSED_FUNCTION = YES;
				GCC_WARN_UNUSED_VARIABLE = YES;
				IPHONEOS_DEPLOYMENT_TARGET = 17.4;
				LOCALIZATION_PREFERS_STRING_CATALOGS = YES;
				MTL_ENABLE_DEBUG_INFO = NO;
				MTL_FAST_MATH = YES;
				SDKROOT = iphoneos;
				SWIFT_COMPILATION_MODE = wholemodule;
				VALIDATE_PRODUCT = YES;
			};
			name = Release;
		};
		147256E82BE9673000197DC4 /* Debug */ = {
			isa = XCBuildConfiguration;
			buildSettings = {
				ASSETCATALOG_COMPILER_APPICON_NAME = AppIcon;
				ASSETCATALOG_COMPILER_GLOBAL_ACCENT_COLOR_NAME = AccentColor;
				CODE_SIGN_STYLE = Automatic;
				CURRENT_PROJECT_VERSION = 1;
				DEVELOPMENT_ASSET_PATHS = "\"LLMTestLocal/Preview Content\"";
				DEVELOPMENT_TEAM = 2MP55R2K38;
				ENABLE_PREVIEWS = YES;
				GENERATE_INFOPLIST_FILE = YES;
				INFOPLIST_KEY_UIApplicationSceneManifest_Generation = YES;
				INFOPLIST_KEY_UIApplicationSupportsIndirectInputEvents = YES;
				INFOPLIST_KEY_UILaunchScreen_Generation = YES;
				INFOPLIST_KEY_UISupportedInterfaceOrientations_iPad = "UIInterfaceOrientationPortrait UIInterfaceOrientationPortraitUpsideDown UIInterfaceOrientationLandscapeLeft UIInterfaceOrientationLandscapeRight";
				INFOPLIST_KEY_UISupportedInterfaceOrientations_iPhone = "UIInterfaceOrientationPortrait UIInterfaceOrientationLandscapeLeft UIInterfaceOrientationLandscapeRight";
				LD_RUNPATH_SEARCH_PATHS = (
					"$(inherited)",
					"@executable_path/Frameworks",
				);
				MARKETING_VERSION = 1.0;
				PRODUCT_BUNDLE_IDENTIFIER = com.LLMTest.localModel.LLMTestLocal;
				PRODUCT_NAME = "$(TARGET_NAME)";
				SWIFT_EMIT_LOC_STRINGS = YES;
				SWIFT_VERSION = 5.0;
				TARGETED_DEVICE_FAMILY = "1,2";
			};
			name = Debug;
		};
		147256E92BE9673000197DC4 /* Release */ = {
			isa = XCBuildConfiguration;
			buildSettings = {
				ASSETCATALOG_COMPILER_APPICON_NAME = AppIcon;
				ASSETCATALOG_COMPILER_GLOBAL_ACCENT_COLOR_NAME = AccentColor;
				CODE_SIGN_STYLE = Automatic;
				CURRENT_PROJECT_VERSION = 1;
				DEVELOPMENT_ASSET_PATHS = "\"LLMTestLocal/Preview Content\"";
				DEVELOPMENT_TEAM = 2MP55R2K38;
				ENABLE_PREVIEWS = YES;
				GENERATE_INFOPLIST_FILE = YES;
				INFOPLIST_KEY_UIApplicationSceneManifest_Generation = YES;
				INFOPLIST_KEY_UIApplicationSupportsIndirectInputEvents = YES;
				INFOPLIST_KEY_UILaunchScreen_Generation = YES;
				INFOPLIST_KEY_UISupportedInterfaceOrientations_iPad = "UIInterfaceOrientationPortrait UIInterfaceOrientationPortraitUpsideDown UIInterfaceOrientationLandscapeLeft UIInterfaceOrientationLandscapeRight";
				INFOPLIST_KEY_UISupportedInterfaceOrientations_iPhone = "UIInterfaceOrientationPortrait UIInterfaceOrientationLandscapeLeft UIInterfaceOrientationLandscapeRight";
				LD_RUNPATH_SEARCH_PATHS = (
					"$(inherited)",
					"@executable_path/Frameworks",
				);
				MARKETING_VERSION = 1.0;
				PRODUCT_BUNDLE_IDENTIFIER = com.LLMTest.localModel.LLMTestLocal;
				PRODUCT_NAME = "$(TARGET_NAME)";
				SWIFT_EMIT_LOC_STRINGS = YES;
				SWIFT_VERSION = 5.0;
				TARGETED_DEVICE_FAMILY = "1,2";
			};
			name = Release;
		};
		147256EB2BE9673000197DC4 /* Debug */ = {
			isa = XCBuildConfiguration;
			buildSettings = {
				ALWAYS_EMBED_SWIFT_STANDARD_LIBRARIES = YES;
				BUNDLE_LOADER = "$(TEST_HOST)";
				CODE_SIGN_STYLE = Automatic;
				CURRENT_PROJECT_VERSION = 1;
				DEVELOPMENT_TEAM = 2MP55R2K38;
				GENERATE_INFOPLIST_FILE = YES;
				IPHONEOS_DEPLOYMENT_TARGET = 17.4;
				MARKETING_VERSION = 1.0;
				PRODUCT_BUNDLE_IDENTIFIER = com.LLMTest.localModel.LLMTestLocalTests;
				PRODUCT_NAME = "$(TARGET_NAME)";
				SWIFT_EMIT_LOC_STRINGS = NO;
				SWIFT_VERSION = 5.0;
				TARGETED_DEVICE_FAMILY = "1,2";
				TEST_HOST = "$(BUILT_PRODUCTS_DIR)/LLMTestLocal.app/$(BUNDLE_EXECUTABLE_FOLDER_PATH)/LLMTestLocal";
			};
			name = Debug;
		};
		147256EC2BE9673000197DC4 /* Release */ = {
			isa = XCBuildConfiguration;
			buildSettings = {
				ALWAYS_EMBED_SWIFT_STANDARD_LIBRARIES = YES;
				BUNDLE_LOADER = "$(TEST_HOST)";
				CODE_SIGN_STYLE = Automatic;
				CURRENT_PROJECT_VERSION = 1;
				DEVELOPMENT_TEAM = 2MP55R2K38;
				GENERATE_INFOPLIST_FILE = YES;
				IPHONEOS_DEPLOYMENT_TARGET = 17.4;
				MARKETING_VERSION = 1.0;
				PRODUCT_BUNDLE_IDENTIFIER = com.LLMTest.localModel.LLMTestLocalTests;
				PRODUCT_NAME = "$(TARGET_NAME)";
				SWIFT_EMIT_LOC_STRINGS = NO;
				SWIFT_VERSION = 5.0;
				TARGETED_DEVICE_FAMILY = "1,2";
				TEST_HOST = "$(BUILT_PRODUCTS_DIR)/LLMTestLocal.app/$(BUNDLE_EXECUTABLE_FOLDER_PATH)/LLMTestLocal";
			};
			name = Release;
		};
		147256EE2BE9673000197DC4 /* Debug */ = {
			isa = XCBuildConfiguration;
			buildSettings = {
				ALWAYS_EMBED_SWIFT_STANDARD_LIBRARIES = YES;
				CODE_SIGN_STYLE = Automatic;
				CURRENT_PROJECT_VERSION = 1;
				DEVELOPMENT_TEAM = 2MP55R2K38;
				GENERATE_INFOPLIST_FILE = YES;
				MARKETING_VERSION = 1.0;
				PRODUCT_BUNDLE_IDENTIFIER = com.LLMTest.localModel.LLMTestLocalUITests;
				PRODUCT_NAME = "$(TARGET_NAME)";
				SWIFT_EMIT_LOC_STRINGS = NO;
				SWIFT_VERSION = 5.0;
				TARGETED_DEVICE_FAMILY = "1,2";
				TEST_TARGET_NAME = LLMTestLocal;
			};
			name = Debug;
		};
		147256EF2BE9673000197DC4 /* Release */ = {
			isa = XCBuildConfiguration;
			buildSettings = {
				ALWAYS_EMBED_SWIFT_STANDARD_LIBRARIES = YES;
				CODE_SIGN_STYLE = Automatic;
				CURRENT_PROJECT_VERSION = 1;
				DEVELOPMENT_TEAM = 2MP55R2K38;
				GENERATE_INFOPLIST_FILE = YES;
				MARKETING_VERSION = 1.0;
				PRODUCT_BUNDLE_IDENTIFIER = com.LLMTest.localModel.LLMTestLocalUITests;
				PRODUCT_NAME = "$(TARGET_NAME)";
				SWIFT_EMIT_LOC_STRINGS = NO;
				SWIFT_VERSION = 5.0;
				TARGETED_DEVICE_FAMILY = "1,2";
				TEST_TARGET_NAME = LLMTestLocal;
			};
			name = Release;
		};
/* End XCBuildConfiguration section */

/* Begin XCConfigurationList section */
		147256BE2BE9672E00197DC4 /* Build configuration list for PBXProject "LLMTestLocal" */ = {
			isa = XCConfigurationList;
			buildConfigurations = (
				147256E52BE9673000197DC4 /* Debug */,
				147256E62BE9673000197DC4 /* Release */,
			);
			defaultConfigurationIsVisible = 0;
			defaultConfigurationName = Release;
		};
		147256E72BE9673000197DC4 /* Build configuration list for PBXNativeTarget "LLMTestLocal" */ = {
			isa = XCConfigurationList;
			buildConfigurations = (
				147256E82BE9673000197DC4 /* Debug */,
				147256E92BE9673000197DC4 /* Release */,
			);
			defaultConfigurationIsVisible = 0;
			defaultConfigurationName = Release;
		};
		147256EA2BE9673000197DC4 /* Build configuration list for PBXNativeTarget "LLMTestLocalTests" */ = {
			isa = XCConfigurationList;
			buildConfigurations = (
				147256EB2BE9673000197DC4 /* Debug */,
				147256EC2BE9673000197DC4 /* Release */,
			);
			defaultConfigurationIsVisible = 0;
			defaultConfigurationName = Release;
		};
		147256ED2BE9673000197DC4 /* Build configuration list for PBXNativeTarget "LLMTestLocalUITests" */ = {
			isa = XCConfigurationList;
			buildConfigurations = (
				147256EE2BE9673000197DC4 /* Debug */,
				147256EF2BE9673000197DC4 /* Release */,
			);
			defaultConfigurationIsVisible = 0;
			defaultConfigurationName = Release;
		};
/* End XCConfigurationList section */

/* Begin XCRemoteSwiftPackageReference section */
		147256F02BE9677E00197DC4 /* XCRemoteSwiftPackageReference "LLM" */ = {
			isa = XCRemoteSwiftPackageReference;
			repositoryURL = "https://github.com/eastriverlee/LLM.swift/";
			requirement = {
				branch = main;
				kind = branch;
			};
		};
/* End XCRemoteSwiftPackageReference section */

/* Begin XCSwiftPackageProductDependency section */
		147256F12BE9677E00197DC4 /* LLM */ = {
			isa = XCSwiftPackageProductDependency;
			package = 147256F02BE9677E00197DC4 /* XCRemoteSwiftPackageReference "LLM" */;
			productName = LLM;
		};
/* End XCSwiftPackageProductDependency section */
	};
	rootObject = 147256BB2BE9672E00197DC4 /* Project object */;
}
